
Microsoft Visual Studio Solution File, Format Version 11.00
# Visual Basic Express 2010
Project("{F184B08F-C81C-45F6-A57F-5ABD9991F28F}") = "JsonSerializer", "JsonSerializer\JsonSerializer.vbproj", "{A96C7AFF-6BAB-4A93-8F68-ED9EA65DE6E6}"
EndProject
Project("{F184B08F-C81C-45F6-A57F-5ABD9991F28F}") = "test", "test\test.vbproj", "{0ECF43B8-8C01-4499-B0CB-10E1A4E8D7E1}"
EndProject
Global
	GlobalSection(SolutionConfigurationPlatforms) = preSolution
		Debug|Any CPU = Debug|Any CPU
		Debug|Mixed Platforms = Debug|Mixed Platforms
		Debug|x86 = Debug|x86
		Release|Any CPU = Release|Any CPU
		Release|Mixed Platforms = Release|Mixed Platforms
		Release|x86 = Release|x86
	EndGlobalSection
	GlobalSection(ProjectConfigurationPlatforms) = postSolution
		{A96C7AFF-6BAB-4A93-8F68-ED9EA65DE6E6}.Debug|Any CPU.ActiveCfg = Debug|Any CPU
		{A96C7AFF-6BAB-4A93-8F68-ED9EA65DE6E6}.Debug|Any CPU.Build.0 = Debug|Any CPU
		{A96C7AFF-6BAB-4A93-8F68-ED9EA65DE6E6}.Debug|Mixed Platforms.ActiveCfg = Debug|Any CPU
		{A96C7AFF-6BAB-4A93-8F68-ED9EA65DE6E6}.Debug|Mixed Platforms.Build.0 = Debug|Any CPU
		{A96C7AFF-6BAB-4A93-8F68-ED9EA65DE6E6}.Debug|x86.ActiveCfg = Debug|Any CPU
		{A96C7AFF-6BAB-4A93-8F68-ED9EA65DE6E6}.Release|Any CPU.ActiveCfg = Release|Any CPU
		{A96C7AFF-6BAB-4A93-8F68-ED9EA65DE6E6}.Release|Any CPU.Build.0 = Release|Any CPU
		{A96C7AFF-6BAB-4A93-8F68-ED9EA65DE6E6}.Release|Mixed Platforms.ActiveCfg = Release|Any CPU
		{A96C7AFF-6BAB-4A93-8F68-ED9EA65DE6E6}.Release|Mixed Platforms.Build.0 = Release|Any CPU
		{A96C7AFF-6BAB-4A93-8F68-ED9EA65DE6E6}.Release|x86.ActiveCfg = Release|Any CPU
		{0ECF43B8-8C01-4499-B0CB-10E1A4E8D7E1}.Debug|Any CPU.ActiveCfg = Debug|x86
		{0ECF43B8-8C01-4499-B0CB-10E1A4E8D7E1}.Debug|Mixed Platforms.ActiveCfg = Debug|x86
		{0ECF43B8-8C01-4499-B0CB-10E1A4E8D7E1}.Debug|Mixed Platforms.Build.0 = Debug|x86
		{0ECF43B8-8C01-4499-B0CB-10E1A4E8D7E1}.Debug|x86.ActiveCfg = Debug|x86
		{0ECF43B8-8C01-4499-B0CB-10E1A4E8D7E1}.Debug|x86.Build.0 = Debug|x86
		{0ECF43B8-8C01-4499-B0CB-10E1A4E8D7E1}.Release|Any CPU.ActiveCfg = Release|x86
		{0ECF43B8-8C01-4499-B0CB-10E1A4E8D7E1}.Release|Mixed Platforms.ActiveCfg = Release|x86
		{0ECF43B8-8C01-4499-B0CB-10E1A4E8D7E1}.Release|Mixed Platforms.Build.0 = Release|x86
		{0ECF43B8-8C01-4499-B0CB-10E1A4E8D7E1}.Release|x86.ActiveCfg = Release|x86
		{0ECF43B8-8C01-4499-B0CB-10E1A4E8D7E1}.Release|x86.Build.0 = Release|x86
	EndGlobalSection
	GlobalSection(SolutionProperties) = preSolution
		HideSolutionNode = FALSE
	EndGlobalSection
EndGlobal
